
Microsoft Visual Studio Solution File, Format Version 12.00
# Visual Studio Version 16
VisualStudioVersion = 16.0.29613.14
MinimumVisualStudioVersion = 10.0.40219.1
Project("{FAE04EC0-301F-11D3-BF4B-00C04F79EFBC}") = "School_Programs", "School_Programs\School_Programs.csproj", "{EE1CF4F8-4AE3-48BB-8DCB-B76574E28DCB}"
EndProject
Global
	GlobalSection(SolutionConfigurationPlatforms) = preSolution
		Debug|Any CPU = Debug|Any CPU
		Release|Any CPU = Release|Any CPU
	EndGlobalSection
	GlobalSection(ProjectConfigurationPlatforms) = postSolution
		{EE1CF4F8-4AE3-48BB-8DCB-B76574E28DCB}.Debug|Any CPU.ActiveCfg = Debug|Any CPU
		{EE1CF4F8-4AE3-48BB-8DCB-B76574E28DCB}.Debug|Any CPU.Build.0 = Debug|Any CPU
		{EE1CF4F8-4AE3-48BB-8DCB-B76574E28DCB}.Release|Any CPU.ActiveCfg = Release|Any CPU
		{EE1CF4F8-4AE3-48BB-8DCB-B76574E28DCB}.Release|Any CPU.Build.0 = Release|Any CPU
	EndGlobalSection
	GlobalSection(SolutionProperties) = preSolution
		HideSolutionNode = FALSE
	EndGlobalSection
	GlobalSection(ExtensibilityGlobals) = postSolution
		SolutionGuid = {41921A92-B95D-469B-A17A-8998F334C358}
	EndGlobalSection
EndGlobal
